
Microsoft Visual Studio Solution File, Format Version 12.00
# Visual Studio Version 16
VisualStudioVersion = 16.0.33423.256
MinimumVisualStudioVersion = 10.0.40219.1
Project("{FAE04EC0-301F-11D3-BF4B-00C04F79EFBC}") = "QuanLyTk", "QuanLyTk.csproj", "{ADE36BD7-4F9B-42C6-976D-F41754597A42}"
EndProject
Global
	GlobalSection(SolutionConfigurationPlatforms) = preSolution
		Debug|Any CPU = Debug|Any CPU
		Release|Any CPU = Release|Any CPU
	EndGlobalSection
	GlobalSection(ProjectConfigurationPlatforms) = postSolution
		{ADE36BD7-4F9B-42C6-976D-F41754597A42}.Debug|Any CPU.ActiveCfg = Debug|Any CPU
		{ADE36BD7-4F9B-42C6-976D-F41754597A42}.Debug|Any CPU.Build.0 = Debug|Any CPU
		{ADE36BD7-4F9B-42C6-976D-F41754597A42}.Release|Any CPU.ActiveCfg = Release|Any CPU
		{ADE36BD7-4F9B-42C6-976D-F41754597A42}.Release|Any CPU.Build.0 = Release|Any CPU
	EndGlobalSection
	GlobalSection(SolutionProperties) = preSolution
		HideSolutionNode = FALSE
	EndGlobalSection
	GlobalSection(ExtensibilityGlobals) = postSolution
		SolutionGuid = {CF69273E-FC31-4D6B-827A-CDF6DAB8781B}
	EndGlobalSection
EndGlobal
